{
  "name": "sass-js-loader",
  "version": "0.0.0",
  "lockfileVersion": 1,
  "requires": true,
  "dependencies": {
    "sass.js": {
      "version": "0.10.13",
      "resolved": "https://registry.npmjs.org/sass.js/-/sass.js-0.10.13.tgz",
      "integrity": "sha512-kgx2iuK+Rg2GM9mNTL9nYsJVTRp64JcHTIgkkHb+TsZY/+C2X6gd3rD7j+SPohNNHewEIBLZ9zpTpDGXX/3Ksg=="
    }
  }
}
