{
  "name": "sass-js-loader",
  "version": "0.0.0",
  "lockfileVersion": 1,
  "requires": true,
  "dependencies": {
    "@material/animation": {
      "version": "0.41.0",
      "resolved": "https://registry.npmjs.org/@material/animation/-/animation-0.41.0.tgz",
      "integrity": "sha512-yYAwJbX3Q2AFd4dr6IYOsWLQy2HN8zWOFVl9AbUXunjzTfJCa/ecfXCriaT6qkmoNoHeTdJHRrsQJZC5GsPvzA=="
    },
    "@material/base": {
      "version": "0.41.0",
      "resolved": "https://registry.npmjs.org/@material/base/-/base-0.41.0.tgz",
      "integrity": "sha512-tEyzwBRu3d1H120SfKsDVYZHcqT5lKohh/7cWKR93aAaPDkSvjpKJIjyu2yuSkjpDduVZGzVocYbOvhUKhhzXQ=="
    },
    "@material/button": {
      "version": "0.42.0",
      "resolved": "https://registry.npmjs.org/@material/button/-/button-0.42.0.tgz",
      "integrity": "sha512-sX5FXkSs9VwIPFsUkdg7DixIwzff6GGOPEaTeDflu0f8GApkaj0rANoqlRdZbcRLLyruD7hIlp7jS0DpQqsIpQ==",
      "requires": {
        "@material/elevation": "^0.41.0",
        "@material/ripple": "^0.42.0",
        "@material/rtl": "^0.42.0",
        "@material/shape": "^0.42.0",
        "@material/theme": "^0.41.0",
        "@material/typography": "^0.42.0"
      }
    },
    "@material/elevation": {
      "version": "0.41.0",
      "resolved": "https://registry.npmjs.org/@material/elevation/-/elevation-0.41.0.tgz",
      "integrity": "sha512-ZtZS8z5ie9c7Cx5PVudgSorGYa0C3lu3dA+Nn6qJdhGUokl01msh54NfNuwk+EZsk65bNRRqw1Td/63TCbKIzg==",
      "requires": {
        "@material/animation": "^0.41.0",
        "@material/theme": "^0.41.0"
      }
    },
    "@material/ripple": {
      "version": "0.42.0",
      "resolved": "https://registry.npmjs.org/@material/ripple/-/ripple-0.42.0.tgz",
      "integrity": "sha512-wAVrppOjpvFJAeLL0hlTKRyTR9AJNHo5MzaKGrXqeq9Vt5exSk/ML9y5THE/SHwrJoF0sOWHgP9HEYi7opF6YA==",
      "requires": {
        "@material/animation": "^0.41.0",
        "@material/base": "^0.41.0",
        "@material/theme": "^0.41.0"
      }
    },
    "@material/rtl": {
      "version": "0.42.0",
      "resolved": "https://registry.npmjs.org/@material/rtl/-/rtl-0.42.0.tgz",
      "integrity": "sha512-VrnrKJzhmspsN8WXHuxxBZ69yM5IwhCUqWr1t1eNfw3ZEvEj7i1g3P31HGowKThIN1dc1Wh4LE14rCISWCtv5w=="
    },
    "@material/shape": {
      "version": "0.42.0",
      "resolved": "https://registry.npmjs.org/@material/shape/-/shape-0.42.0.tgz",
      "integrity": "sha512-E38QqeRoGLO38TOJT69rCBLJBnnXQ6Cmm/crjjl3TaLmqD17GiEJgPXzBdJ11lszBStSqR/gUXQX7P97LYruLw=="
    },
    "@material/theme": {
      "version": "0.41.0",
      "resolved": "https://registry.npmjs.org/@material/theme/-/theme-0.41.0.tgz",
      "integrity": "sha512-ohW2JxObKOWvP34EkIIcrEVtL3g0Gs/T3/MdOsM36euyshY8Jwl1f6fjVUQvVjSpixUtSb30/+ulblF8fTOwBg=="
    },
    "@material/typography": {
      "version": "0.42.0",
      "resolved": "https://registry.npmjs.org/@material/typography/-/typography-0.42.0.tgz",
      "integrity": "sha512-HgjRfmunrW8qqB0xC6AQNAQVIq19WUeRoimUf8ytf12Rq1oNG///6bnr86OI9+Q1EpeF822efZP4XPLUPb8kJw=="
    },
    "sass.js": {
      "version": "0.10.13",
      "resolved": "https://registry.npmjs.org/sass.js/-/sass.js-0.10.13.tgz",
      "integrity": "sha512-kgx2iuK+Rg2GM9mNTL9nYsJVTRp64JcHTIgkkHb+TsZY/+C2X6gd3rD7j+SPohNNHewEIBLZ9zpTpDGXX/3Ksg=="
    }
  }
}
